
Microsoft Visual Studio Solution File, Format Version 12.00
# Visual Studio 2013
VisualStudioVersion = 12.0.31101.0
MinimumVisualStudioVersion = 10.0.40219.1
Project("{FAE04EC0-301F-11D3-BF4B-00C04F79EFBC}") = "PEPmodnaKompanija_API", "PEPmodnaKompanija_API\PEPmodnaKompanija_API.csproj", "{813FD729-8643-46B6-870A-D6DDA994FEAC}"
EndProject
Project("{FAE04EC0-301F-11D3-BF4B-00C04F79EFBC}") = "PEPmodnaKompanija_UI", "PEPmodnaKompanija_UI\PEPmodnaKompanija_UI.csproj", "{7993AAF5-2F36-46D5-A209-0256B1593D32}"
EndProject
Project("{FAE04EC0-301F-11D3-BF4B-00C04F79EFBC}") = "PEPmodnaKompanija_Mobile", "PEPmodnaKompanija_Mobile\PEPmodnaKompanija_Mobile.csproj", "{DDAF9B85-9D4C-4D87-AE1E-EB388A4C6F67}"
EndProject
Project("{FAE04EC0-301F-11D3-BF4B-00C04F79EFBC}") = "PEPmodnaKompanija_PCL", "PEPmodnaKompanija_PCL\PEPmodnaKompanija_PCL.csproj", "{A8826F8A-A4C6-4EDC-BCFA-028904EB6A6B}"
EndProject
Project("{FAE04EC0-301F-11D3-BF4B-00C04F79EFBC}") = "modnaKompanija_Web", "modnaKompanija_Web\modnaKompanija_Web.csproj", "{FAA88939-3083-4A88-8746-346D85B45627}"
EndProject
Global
	GlobalSection(SolutionConfigurationPlatforms) = preSolution
		Debug|Any CPU = Debug|Any CPU
		Debug|ARM = Debug|ARM
		Debug|x86 = Debug|x86
		Release|Any CPU = Release|Any CPU
		Release|ARM = Release|ARM
		Release|x86 = Release|x86
	EndGlobalSection
	GlobalSection(ProjectConfigurationPlatforms) = postSolution
		{813FD729-8643-46B6-870A-D6DDA994FEAC}.Debug|Any CPU.ActiveCfg = Debug|Any CPU
		{813FD729-8643-46B6-870A-D6DDA994FEAC}.Debug|Any CPU.Build.0 = Debug|Any CPU
		{813FD729-8643-46B6-870A-D6DDA994FEAC}.Debug|ARM.ActiveCfg = Debug|Any CPU
		{813FD729-8643-46B6-870A-D6DDA994FEAC}.Debug|x86.ActiveCfg = Debug|Any CPU
		{813FD729-8643-46B6-870A-D6DDA994FEAC}.Release|Any CPU.ActiveCfg = Release|Any CPU
		{813FD729-8643-46B6-870A-D6DDA994FEAC}.Release|Any CPU.Build.0 = Release|Any CPU
		{813FD729-8643-46B6-870A-D6DDA994FEAC}.Release|ARM.ActiveCfg = Release|Any CPU
		{813FD729-8643-46B6-870A-D6DDA994FEAC}.Release|x86.ActiveCfg = Release|Any CPU
		{7993AAF5-2F36-46D5-A209-0256B1593D32}.Debug|Any CPU.ActiveCfg = Debug|Any CPU
		{7993AAF5-2F36-46D5-A209-0256B1593D32}.Debug|Any CPU.Build.0 = Debug|Any CPU
		{7993AAF5-2F36-46D5-A209-0256B1593D32}.Debug|ARM.ActiveCfg = Debug|Any CPU
		{7993AAF5-2F36-46D5-A209-0256B1593D32}.Debug|x86.ActiveCfg = Debug|Any CPU
		{7993AAF5-2F36-46D5-A209-0256B1593D32}.Release|Any CPU.ActiveCfg = Release|Any CPU
		{7993AAF5-2F36-46D5-A209-0256B1593D32}.Release|Any CPU.Build.0 = Release|Any CPU
		{7993AAF5-2F36-46D5-A209-0256B1593D32}.Release|ARM.ActiveCfg = Release|Any CPU
		{7993AAF5-2F36-46D5-A209-0256B1593D32}.Release|x86.ActiveCfg = Release|Any CPU
		{DDAF9B85-9D4C-4D87-AE1E-EB388A4C6F67}.Debug|Any CPU.ActiveCfg = Debug|Any CPU
		{DDAF9B85-9D4C-4D87-AE1E-EB388A4C6F67}.Debug|Any CPU.Build.0 = Debug|Any CPU
		{DDAF9B85-9D4C-4D87-AE1E-EB388A4C6F67}.Debug|Any CPU.Deploy.0 = Debug|Any CPU
		{DDAF9B85-9D4C-4D87-AE1E-EB388A4C6F67}.Debug|ARM.ActiveCfg = Debug|ARM
		{DDAF9B85-9D4C-4D87-AE1E-EB388A4C6F67}.Debug|ARM.Build.0 = Debug|ARM
		{DDAF9B85-9D4C-4D87-AE1E-EB388A4C6F67}.Debug|ARM.Deploy.0 = Debug|ARM
		{DDAF9B85-9D4C-4D87-AE1E-EB388A4C6F67}.Debug|x86.ActiveCfg = Debug|x86
		{DDAF9B85-9D4C-4D87-AE1E-EB388A4C6F67}.Debug|x86.Build.0 = Debug|x86
		{DDAF9B85-9D4C-4D87-AE1E-EB388A4C6F67}.Debug|x86.Deploy.0 = Debug|x86
		{DDAF9B85-9D4C-4D87-AE1E-EB388A4C6F67}.Release|Any CPU.ActiveCfg = Release|Any CPU
		{DDAF9B85-9D4C-4D87-AE1E-EB388A4C6F67}.Release|Any CPU.Build.0 = Release|Any CPU
		{DDAF9B85-9D4C-4D87-AE1E-EB388A4C6F67}.Release|Any CPU.Deploy.0 = Release|Any CPU
		{DDAF9B85-9D4C-4D87-AE1E-EB388A4C6F67}.Release|ARM.ActiveCfg = Release|ARM
		{DDAF9B85-9D4C-4D87-AE1E-EB388A4C6F67}.Release|ARM.Build.0 = Release|ARM
		{DDAF9B85-9D4C-4D87-AE1E-EB388A4C6F67}.Release|ARM.Deploy.0 = Release|ARM
		{DDAF9B85-9D4C-4D87-AE1E-EB388A4C6F67}.Release|x86.ActiveCfg = Release|x86
		{DDAF9B85-9D4C-4D87-AE1E-EB388A4C6F67}.Release|x86.Build.0 = Release|x86
		{DDAF9B85-9D4C-4D87-AE1E-EB388A4C6F67}.Release|x86.Deploy.0 = Release|x86
		{A8826F8A-A4C6-4EDC-BCFA-028904EB6A6B}.Debug|Any CPU.ActiveCfg = Debug|Any CPU
		{A8826F8A-A4C6-4EDC-BCFA-028904EB6A6B}.Debug|Any CPU.Build.0 = Debug|Any CPU
		{A8826F8A-A4C6-4EDC-BCFA-028904EB6A6B}.Debug|ARM.ActiveCfg = Debug|Any CPU
		{A8826F8A-A4C6-4EDC-BCFA-028904EB6A6B}.Debug|x86.ActiveCfg = Debug|Any CPU
		{A8826F8A-A4C6-4EDC-BCFA-028904EB6A6B}.Release|Any CPU.ActiveCfg = Release|Any CPU
		{A8826F8A-A4C6-4EDC-BCFA-028904EB6A6B}.Release|Any CPU.Build.0 = Release|Any CPU
		{A8826F8A-A4C6-4EDC-BCFA-028904EB6A6B}.Release|ARM.ActiveCfg = Release|Any CPU
		{A8826F8A-A4C6-4EDC-BCFA-028904EB6A6B}.Release|x86.ActiveCfg = Release|Any CPU
		{FAA88939-3083-4A88-8746-346D85B45627}.Debug|Any CPU.ActiveCfg = Debug|Any CPU
		{FAA88939-3083-4A88-8746-346D85B45627}.Debug|Any CPU.Build.0 = Debug|Any CPU
		{FAA88939-3083-4A88-8746-346D85B45627}.Debug|ARM.ActiveCfg = Debug|Any CPU
		{FAA88939-3083-4A88-8746-346D85B45627}.Debug|x86.ActiveCfg = Debug|Any CPU
		{FAA88939-3083-4A88-8746-346D85B45627}.Release|Any CPU.ActiveCfg = Release|Any CPU
		{FAA88939-3083-4A88-8746-346D85B45627}.Release|Any CPU.Build.0 = Release|Any CPU
		{FAA88939-3083-4A88-8746-346D85B45627}.Release|ARM.ActiveCfg = Release|Any CPU
		{FAA88939-3083-4A88-8746-346D85B45627}.Release|x86.ActiveCfg = Release|Any CPU
	EndGlobalSection
	GlobalSection(SolutionProperties) = preSolution
		HideSolutionNode = FALSE
	EndGlobalSection
EndGlobal
